// !$*UTF8*$!
{
	archiveVersion = 1;
	classes = {
	};
	objectVersion = 46;
	objects = {

/* Begin PBXBuildFile section */
		2948993C1975BD2A007D0D97 /* Dollar.swift in Sources */ = {isa = PBXBuildFile; fileRef = 2948993A1975BD2A007D0D97 /* Dollar.swift */; };
		2948993D1975BD2A007D0D97 /* UIColorExtension.swift in Sources */ = {isa = PBXBuildFile; fileRef = 2948993B1975BD2A007D0D97 /* UIColorExtension.swift */; };
		294899461975BD58007D0D97 /* CVDetectorViewController.mm in Sources */ = {isa = PBXBuildFile; fileRef = 2948993F1975BD58007D0D97 /* CVDetectorViewController.mm */; };
		294899471975BD58007D0D97 /* GKWebViewController.swift in Sources */ = {isa = PBXBuildFile; fileRef = 294899401975BD58007D0D97 /* GKWebViewController.swift */; };
		294899481975BD58007D0D97 /* MainScreenController.swift in Sources */ = {isa = PBXBuildFile; fileRef = 294899411975BD58007D0D97 /* MainScreenController.swift */; };
		294899491975BD58007D0D97 /* SettingsViewController.swift in Sources */ = {isa = PBXBuildFile; fileRef = 294899421975BD58007D0D97 /* SettingsViewController.swift */; };
		2948994A1975BD58007D0D97 /* ShopViewController.swift in Sources */ = {isa = PBXBuildFile; fileRef = 294899431975BD58007D0D97 /* ShopViewController.swift */; };
		2948994B1975BD58007D0D97 /* SoundBoxViewController.swift in Sources */ = {isa = PBXBuildFile; fileRef = 294899441975BD58007D0D97 /* SoundBoxViewController.swift */; };
		2948994C1975BD58007D0D97 /* TMViewController.swift in Sources */ = {isa = PBXBuildFile; fileRef = 294899451975BD58007D0D97 /* TMViewController.swift */; };
		294899581975BD6F007D0D97 /* credits.html in Resources */ = {isa = PBXBuildFile; fileRef = 2948994E1975BD6F007D0D97 /* credits.html */; };
		294899591975BD6F007D0D97 /* dollhead.png in Resources */ = {isa = PBXBuildFile; fileRef = 294899501975BD6F007D0D97 /* dollhead.png */; };
		2948995A1975BD6F007D0D97 /* mono-power-button-hi.png in Resources */ = {isa = PBXBuildFile; fileRef = 294899511975BD6F007D0D97 /* mono-power-button-hi.png */; };
		2948995B1975BD6F007D0D97 /* devil-laugh.wav in Resources */ = {isa = PBXBuildFile; fileRef = 294899531975BD6F007D0D97 /* devil-laugh.wav */; };
		2948995C1975BD6F007D0D97 /* ghost-egyptian-phantom.wav in Resources */ = {isa = PBXBuildFile; fileRef = 294899541975BD6F007D0D97 /* ghost-egyptian-phantom.wav */; };
		2948995D1975BD6F007D0D97 /* its-behind-you-spoken.wav in Resources */ = {isa = PBXBuildFile; fileRef = 294899551975BD6F007D0D97 /* its-behind-you-spoken.wav */; };
		2948995E1975BD6F007D0D97 /* knife-stab-splatter.wav in Resources */ = {isa = PBXBuildFile; fileRef = 294899561975BD6F007D0D97 /* knife-stab-splatter.wav */; };
		2948995F1975BD6F007D0D97 /* young-girl-scream.wav in Resources */ = {isa = PBXBuildFile; fileRef = 294899571975BD6F007D0D97 /* young-girl-scream.wav */; };
		294899651975BD98007D0D97 /* VideoCaptureManager.swift in Sources */ = {isa = PBXBuildFile; fileRef = 294899641975BD98007D0D97 /* VideoCaptureManager.swift */; };
		2948996A1975BE95007D0D97 /* UICircularGestureRecognizer.swift in Sources */ = {isa = PBXBuildFile; fileRef = 294899691975BE95007D0D97 /* UICircularGestureRecognizer.swift */; };
		47D20FF819654AF200BCB1D0 /* SoundBoxScene.swift in Sources */ = {isa = PBXBuildFile; fileRef = 47D20FE819654AF200BCB1D0 /* SoundBoxScene.swift */; };
		47DE6AD3196123E90049C253 /* AVFoundation.framework in Frameworks */ = {isa = PBXBuildFile; fileRef = 47DE6AD2196123E90049C253 /* AVFoundation.framework */; };
		9E12A468196EE9E40018AD6F /* Accelerate.framework in Frameworks */ = {isa = PBXBuildFile; fileRef = 9E12A467196EE9E40018AD6F /* Accelerate.framework */; };
		9E12A46A196EE9E90018AD6F /* AssetsLibrary.framework in Frameworks */ = {isa = PBXBuildFile; fileRef = 9E12A469196EE9E90018AD6F /* AssetsLibrary.framework */; };
		9E12A46C196EE9F20018AD6F /* CoreGraphics.framework in Frameworks */ = {isa = PBXBuildFile; fileRef = 9E12A46B196EE9F20018AD6F /* CoreGraphics.framework */; };
		9E12A46E196EE9F50018AD6F /* CoreImage.framework in Frameworks */ = {isa = PBXBuildFile; fileRef = 9E12A46D196EE9F50018AD6F /* CoreImage.framework */; };
		9E12A470196EE9F90018AD6F /* CoreMedia.framework in Frameworks */ = {isa = PBXBuildFile; fileRef = 9E12A46F196EE9F90018AD6F /* CoreMedia.framework */; };
		9E12A472196EE9FE0018AD6F /* CoreVideo.framework in Frameworks */ = {isa = PBXBuildFile; fileRef = 9E12A471196EE9FE0018AD6F /* CoreVideo.framework */; };
		9E12A474196EEA040018AD6F /* QuartzCore.framework in Frameworks */ = {isa = PBXBuildFile; fileRef = 9E12A473196EEA040018AD6F /* QuartzCore.framework */; };
		9E12A476196EEA0B0018AD6F /* UIKit.framework in Frameworks */ = {isa = PBXBuildFile; fileRef = 9E12A475196EEA0B0018AD6F /* UIKit.framework */; };
		9E12A478196EEA140018AD6F /* Foundation.framework in Frameworks */ = {isa = PBXBuildFile; fileRef = 9E12A477196EEA140018AD6F /* Foundation.framework */; };
		9EC9CF04196EE75D00EAF3D9 /* opencv2.framework in Frameworks */ = {isa = PBXBuildFile; fileRef = 9EC9CF03196EE75D00EAF3D9 /* opencv2.framework */; };
		9EDD6C511969CC1400B259AE /* MobileCoreServices.framework in Frameworks */ = {isa = PBXBuildFile; fileRef = 9EDD6C501969CC1400B259AE /* MobileCoreServices.framework */; };
		B54B660C1950CBF400FF48DC /* AppDelegate.swift in Sources */ = {isa = PBXBuildFile; fileRef = B54B660B1950CBF400FF48DC /* AppDelegate.swift */; };
		B54B66111950CBF400FF48DC /* Main.storyboard in Resources */ = {isa = PBXBuildFile; fileRef = B54B660F1950CBF400FF48DC /* Main.storyboard */; };
		B54B66131950CBF400FF48DC /* Images.xcassets in Resources */ = {isa = PBXBuildFile; fileRef = B54B66121950CBF400FF48DC /* Images.xcassets */; };
		B54B661F1950CBF400FF48DC /* TerrorTorchTests.swift in Sources */ = {isa = PBXBuildFile; fileRef = B54B661E1950CBF400FF48DC /* TerrorTorchTests.swift */; };
/* End PBXBuildFile section */

/* Begin PBXContainerItemProxy section */
		B54B66191950CBF400FF48DC /* PBXContainerItemProxy */ = {
			isa = PBXContainerItemProxy;
			containerPortal = B54B65FE1950CBF400FF48DC /* Project object */;
			proxyType = 1;
			remoteGlobalIDString = B54B66051950CBF400FF48DC;
			remoteInfo = TerrorTorch;
		};
/* End PBXContainerItemProxy section */

/* Begin PBXFileReference section */
		2948993A1975BD2A007D0D97 /* Dollar.swift */ = {isa = PBXFileReference; fileEncoding = 4; lastKnownFileType = sourcecode.swift; path = Dollar.swift; sourceTree = "<group>"; };
		2948993B1975BD2A007D0D97 /* UIColorExtension.swift */ = {isa = PBXFileReference; fileEncoding = 4; lastKnownFileType = sourcecode.swift; path = UIColorExtension.swift; sourceTree = "<group>"; };
		2948993F1975BD58007D0D97 /* CVDetectorViewController.mm */ = {isa = PBXFileReference; fileEncoding = 4; lastKnownFileType = sourcecode.cpp.objcpp; path = CVDetectorViewController.mm; sourceTree = "<group>"; };
		294899401975BD58007D0D97 /* GKWebViewController.swift */ = {isa = PBXFileReference; fileEncoding = 4; lastKnownFileType = sourcecode.swift; path = GKWebViewController.swift; sourceTree = "<group>"; };
		294899411975BD58007D0D97 /* MainScreenController.swift */ = {isa = PBXFileReference; fileEncoding = 4; lastKnownFileType = sourcecode.swift; path = MainScreenController.swift; sourceTree = "<group>"; };
		294899421975BD58007D0D97 /* SettingsViewController.swift */ = {isa = PBXFileReference; fileEncoding = 4; lastKnownFileType = sourcecode.swift; path = SettingsViewController.swift; sourceTree = "<group>"; };
		294899431975BD58007D0D97 /* ShopViewController.swift */ = {isa = PBXFileReference; fileEncoding = 4; lastKnownFileType = sourcecode.swift; path = ShopViewController.swift; sourceTree = "<group>"; };
		294899441975BD58007D0D97 /* SoundBoxViewController.swift */ = {isa = PBXFileReference; fileEncoding = 4; lastKnownFileType = sourcecode.swift; path = SoundBoxViewController.swift; sourceTree = "<group>"; };
		294899451975BD58007D0D97 /* TMViewController.swift */ = {isa = PBXFileReference; fileEncoding = 4; lastKnownFileType = sourcecode.swift; path = TMViewController.swift; sourceTree = "<group>"; };
		2948994E1975BD6F007D0D97 /* credits.html */ = {isa = PBXFileReference; fileEncoding = 4; lastKnownFileType = text.html; path = credits.html; sourceTree = "<group>"; };
		294899501975BD6F007D0D97 /* dollhead.png */ = {isa = PBXFileReference; lastKnownFileType = image.png; path = dollhead.png; sourceTree = "<group>"; };
		294899511975BD6F007D0D97 /* mono-power-button-hi.png */ = {isa = PBXFileReference; lastKnownFileType = image.png; path = "mono-power-button-hi.png"; sourceTree = "<group>"; };
		294899531975BD6F007D0D97 /* devil-laugh.wav */ = {isa = PBXFileReference; lastKnownFileType = audio.wav; path = "devil-laugh.wav"; sourceTree = "<group>"; };
		294899541975BD6F007D0D97 /* ghost-egyptian-phantom.wav */ = {isa = PBXFileReference; lastKnownFileType = audio.wav; path = "ghost-egyptian-phantom.wav"; sourceTree = "<group>"; };
		294899551975BD6F007D0D97 /* its-behind-you-spoken.wav */ = {isa = PBXFileReference; lastKnownFileType = audio.wav; path = "its-behind-you-spoken.wav"; sourceTree = "<group>"; };
		294899561975BD6F007D0D97 /* knife-stab-splatter.wav */ = {isa = PBXFileReference; lastKnownFileType = audio.wav; path = "knife-stab-splatter.wav"; sourceTree = "<group>"; };
		294899571975BD6F007D0D97 /* young-girl-scream.wav */ = {isa = PBXFileReference; lastKnownFileType = audio.wav; path = "young-girl-scream.wav"; sourceTree = "<group>"; };
		294899641975BD98007D0D97 /* VideoCaptureManager.swift */ = {isa = PBXFileReference; fileEncoding = 4; lastKnownFileType = sourcecode.swift; path = VideoCaptureManager.swift; sourceTree = "<group>"; };
		294899661975BE74007D0D97 /* CVDetectorViewController.h */ = {isa = PBXFileReference; fileEncoding = 4; lastKnownFileType = sourcecode.c.h; path = CVDetectorViewController.h; sourceTree = "<group>"; };
		294899671975BE74007D0D97 /* TerrorTorch-Bridging-Header.h */ = {isa = PBXFileReference; fileEncoding = 4; lastKnownFileType = sourcecode.c.h; path = "TerrorTorch-Bridging-Header.h"; sourceTree = "<group>"; };
		294899691975BE95007D0D97 /* UICircularGestureRecognizer.swift */ = {isa = PBXFileReference; fileEncoding = 4; lastKnownFileType = sourcecode.swift; path = UICircularGestureRecognizer.swift; sourceTree = "<group>"; };
		47D20FE819654AF200BCB1D0 /* SoundBoxScene.swift */ = {isa = PBXFileReference; fileEncoding = 4; lastKnownFileType = sourcecode.swift; path = SoundBoxScene.swift; sourceTree = "<group>"; };
		47DE6AD2196123E90049C253 /* AVFoundation.framework */ = {isa = PBXFileReference; lastKnownFileType = wrapper.framework; name = AVFoundation.framework; path = System/Library/Frameworks/AVFoundation.framework; sourceTree = SDKROOT; };
		9E12A467196EE9E40018AD6F /* Accelerate.framework */ = {isa = PBXFileReference; lastKnownFileType = wrapper.framework; name = Accelerate.framework; path = System/Library/Frameworks/Accelerate.framework; sourceTree = SDKROOT; };
		9E12A469196EE9E90018AD6F /* AssetsLibrary.framework */ = {isa = PBXFileReference; lastKnownFileType = wrapper.framework; name = AssetsLibrary.framework; path = System/Library/Frameworks/AssetsLibrary.framework; sourceTree = SDKROOT; };
		9E12A46B196EE9F20018AD6F /* CoreGraphics.framework */ = {isa = PBXFileReference; lastKnownFileType = wrapper.framework; name = CoreGraphics.framework; path = System/Library/Frameworks/CoreGraphics.framework; sourceTree = SDKROOT; };
		9E12A46D196EE9F50018AD6F /* CoreImage.framework */ = {isa = PBXFileReference; lastKnownFileType = wrapper.framework; name = CoreImage.framework; path = System/Library/Frameworks/CoreImage.framework; sourceTree = SDKROOT; };
		9E12A46F196EE9F90018AD6F /* CoreMedia.framework */ = {isa = PBXFileReference; lastKnownFileType = wrapper.framework; name = CoreMedia.framework; path = System/Library/Frameworks/CoreMedia.framework; sourceTree = SDKROOT; };
		9E12A471196EE9FE0018AD6F /* CoreVideo.framework */ = {isa = PBXFileReference; lastKnownFileType = wrapper.framework; name = CoreVideo.framework; path = System/Library/Frameworks/CoreVideo.framework; sourceTree = SDKROOT; };
		9E12A473196EEA040018AD6F /* QuartzCore.framework */ = {isa = PBXFileReference; lastKnownFileType = wrapper.framework; name = QuartzCore.framework; path = System/Library/Frameworks/QuartzCore.framework; sourceTree = SDKROOT; };
		9E12A475196EEA0B0018AD6F /* UIKit.framework */ = {isa = PBXFileReference; lastKnownFileType = wrapper.framework; name = UIKit.framework; path = System/Library/Frameworks/UIKit.framework; sourceTree = SDKROOT; };
		9E12A477196EEA140018AD6F /* Foundation.framework */ = {isa = PBXFileReference; lastKnownFileType = wrapper.framework; name = Foundation.framework; path = System/Library/Frameworks/Foundation.framework; sourceTree = SDKROOT; };
		9EC9CF03196EE75D00EAF3D9 /* opencv2.framework */ = {isa = PBXFileReference; lastKnownFileType = wrapper.framework; name = opencv2.framework; path = TerrorTorch/opencv2.framework; sourceTree = "<group>"; };
		9EDD6C501969CC1400B259AE /* MobileCoreServices.framework */ = {isa = PBXFileReference; lastKnownFileType = wrapper.framework; name = MobileCoreServices.framework; path = System/Library/Frameworks/MobileCoreServices.framework; sourceTree = SDKROOT; };
		B54B66061950CBF400FF48DC /* TerrorTorch.app */ = {isa = PBXFileReference; explicitFileType = wrapper.application; includeInIndex = 0; path = TerrorTorch.app; sourceTree = BUILT_PRODUCTS_DIR; };
		B54B660A1950CBF400FF48DC /* Info.plist */ = {isa = PBXFileReference; lastKnownFileType = text.plist.xml; path = Info.plist; sourceTree = "<group>"; };
		B54B660B1950CBF400FF48DC /* AppDelegate.swift */ = {isa = PBXFileReference; lastKnownFileType = sourcecode.swift; path = AppDelegate.swift; sourceTree = "<group>"; };
		B54B66101950CBF400FF48DC /* Base */ = {isa = PBXFileReference; lastKnownFileType = file.storyboard; name = Base; path = Base.lproj/Main.storyboard; sourceTree = "<group>"; };
		B54B66121950CBF400FF48DC /* Images.xcassets */ = {isa = PBXFileReference; lastKnownFileType = folder.assetcatalog; path = Images.xcassets; sourceTree = "<group>"; };
		B54B66181950CBF400FF48DC /* TerrorTorchTests.xctest */ = {isa = PBXFileReference; explicitFileType = wrapper.cfbundle; includeInIndex = 0; path = TerrorTorchTests.xctest; sourceTree = BUILT_PRODUCTS_DIR; };
		B54B661D1950CBF400FF48DC /* Info.plist */ = {isa = PBXFileReference; lastKnownFileType = text.plist.xml; path = Info.plist; sourceTree = "<group>"; };
		B54B661E1950CBF400FF48DC /* TerrorTorchTests.swift */ = {isa = PBXFileReference; lastKnownFileType = sourcecode.swift; path = TerrorTorchTests.swift; sourceTree = "<group>"; };
/* End PBXFileReference section */

/* Begin PBXFrameworksBuildPhase section */
		B54B66031950CBF400FF48DC /* Frameworks */ = {
			isa = PBXFrameworksBuildPhase;
			buildActionMask = 2147483647;
			files = (
				9E12A478196EEA140018AD6F /* Foundation.framework in Frameworks */,
				9E12A476196EEA0B0018AD6F /* UIKit.framework in Frameworks */,
				9E12A474196EEA040018AD6F /* QuartzCore.framework in Frameworks */,
				9E12A472196EE9FE0018AD6F /* CoreVideo.framework in Frameworks */,
				9E12A470196EE9F90018AD6F /* CoreMedia.framework in Frameworks */,
				9E12A46E196EE9F50018AD6F /* CoreImage.framework in Frameworks */,
				9E12A46C196EE9F20018AD6F /* CoreGraphics.framework in Frameworks */,
				9E12A46A196EE9E90018AD6F /* AssetsLibrary.framework in Frameworks */,
				9E12A468196EE9E40018AD6F /* Accelerate.framework in Frameworks */,
				9EC9CF04196EE75D00EAF3D9 /* opencv2.framework in Frameworks */,
				9EDD6C511969CC1400B259AE /* MobileCoreServices.framework in Frameworks */,
				47DE6AD3196123E90049C253 /* AVFoundation.framework in Frameworks */,
			);
			runOnlyForDeploymentPostprocessing = 0;
		};
		B54B66151950CBF400FF48DC /* Frameworks */ = {
			isa = PBXFrameworksBuildPhase;
			buildActionMask = 2147483647;
			files = (
			);
			runOnlyForDeploymentPostprocessing = 0;
		};
/* End PBXFrameworksBuildPhase section */

/* Begin PBXGroup section */
		294899391975BD2A007D0D97 /* Extensions */ = {
			isa = PBXGroup;
			children = (
				2948993A1975BD2A007D0D97 /* Dollar.swift */,
				2948993B1975BD2A007D0D97 /* UIColorExtension.swift */,
			);
			path = Extensions;
			sourceTree = "<group>";
		};
		2948993E1975BD58007D0D97 /* ViewControllers */ = {
			isa = PBXGroup;
			children = (
				294899661975BE74007D0D97 /* CVDetectorViewController.h */,
				294899671975BE74007D0D97 /* TerrorTorch-Bridging-Header.h */,
				2948993F1975BD58007D0D97 /* CVDetectorViewController.mm */,
				294899401975BD58007D0D97 /* GKWebViewController.swift */,
				294899411975BD58007D0D97 /* MainScreenController.swift */,
				294899421975BD58007D0D97 /* SettingsViewController.swift */,
				294899431975BD58007D0D97 /* ShopViewController.swift */,
				294899441975BD58007D0D97 /* SoundBoxViewController.swift */,
				294899451975BD58007D0D97 /* TMViewController.swift */,
			);
			path = ViewControllers;
			sourceTree = "<group>";
		};
		2948994D1975BD6F007D0D97 /* Assets */ = {
			isa = PBXGroup;
			children = (
				2948994E1975BD6F007D0D97 /* credits.html */,
				2948994F1975BD6F007D0D97 /* Images */,
				294899521975BD6F007D0D97 /* Sounds */,
			);
			path = Assets;
			sourceTree = "<group>";
		};
		2948994F1975BD6F007D0D97 /* Images */ = {
			isa = PBXGroup;
			children = (
				294899501975BD6F007D0D97 /* dollhead.png */,
				294899511975BD6F007D0D97 /* mono-power-button-hi.png */,
			);
			path = Images;
			sourceTree = "<group>";
		};
		294899521975BD6F007D0D97 /* Sounds */ = {
			isa = PBXGroup;
			children = (
				294899531975BD6F007D0D97 /* devil-laugh.wav */,
				294899541975BD6F007D0D97 /* ghost-egyptian-phantom.wav */,
				294899551975BD6F007D0D97 /* its-behind-you-spoken.wav */,
				294899561975BD6F007D0D97 /* knife-stab-splatter.wav */,
				294899571975BD6F007D0D97 /* young-girl-scream.wav */,
			);
			path = Sounds;
			sourceTree = "<group>";
		};
		294899631975BD98007D0D97 /* Managers */ = {
			isa = PBXGroup;
			children = (
				294899641975BD98007D0D97 /* VideoCaptureManager.swift */,
			);
			path = Managers;
			sourceTree = "<group>";
		};
		294899681975BE95007D0D97 /* Controls */ = {
			isa = PBXGroup;
			children = (
				294899691975BE95007D0D97 /* UICircularGestureRecognizer.swift */,
			);
			path = Controls;
			sourceTree = "<group>";
		};
		31809728196CC8A70097E18C /* Frameworks */ = {
			isa = PBXGroup;
			children = (
				9E12A477196EEA140018AD6F /* Foundation.framework */,
				9E12A475196EEA0B0018AD6F /* UIKit.framework */,
				9E12A473196EEA040018AD6F /* QuartzCore.framework */,
				9E12A471196EE9FE0018AD6F /* CoreVideo.framework */,
				9E12A46F196EE9F90018AD6F /* CoreMedia.framework */,
				9E12A46D196EE9F50018AD6F /* CoreImage.framework */,
				9E12A46B196EE9F20018AD6F /* CoreGraphics.framework */,
				9E12A469196EE9E90018AD6F /* AssetsLibrary.framework */,
				9E12A467196EE9E40018AD6F /* Accelerate.framework */,
				9EDD6C501969CC1400B259AE /* MobileCoreServices.framework */,
				47DE6AD2196123E90049C253 /* AVFoundation.framework */,
				9EC9CF03196EE75D00EAF3D9 /* opencv2.framework */,
			);
			name = Frameworks;
			sourceTree = "<group>";
		};
		47D20FE719654AF200BCB1D0 /* Scenes */ = {
			isa = PBXGroup;
			children = (
				47D20FE819654AF200BCB1D0 /* SoundBoxScene.swift */,
			);
			path = Scenes;
			sourceTree = "<group>";
		};
		B54B65FD1950CBF400FF48DC = {
			isa = PBXGroup;
			children = (
				B54B66081950CBF400FF48DC /* TerrorTorch */,
				B54B661B1950CBF400FF48DC /* TerrorTorchTests */,
				31809728196CC8A70097E18C /* Frameworks */,
				B54B66071950CBF400FF48DC /* Products */,
			);
			sourceTree = "<group>";
		};
		B54B66071950CBF400FF48DC /* Products */ = {
			isa = PBXGroup;
			children = (
				B54B66061950CBF400FF48DC /* TerrorTorch.app */,
				B54B66181950CBF400FF48DC /* TerrorTorchTests.xctest */,
			);
			name = Products;
			sourceTree = "<group>";
		};
		B54B66081950CBF400FF48DC /* TerrorTorch */ = {
			isa = PBXGroup;
			children = (
				294899681975BE95007D0D97 /* Controls */,
				294899631975BD98007D0D97 /* Managers */,
				2948993E1975BD58007D0D97 /* ViewControllers */,
				294899391975BD2A007D0D97 /* Extensions */,
				47D20FE719654AF200BCB1D0 /* Scenes */,
				B54B660B1950CBF400FF48DC /* AppDelegate.swift */,
				B54B660F1950CBF400FF48DC /* Main.storyboard */,
				B54B66121950CBF400FF48DC /* Images.xcassets */,
				2948994D1975BD6F007D0D97 /* Assets */,
				B54B66091950CBF400FF48DC /* Supporting Files */,
			);
			path = TerrorTorch;
			sourceTree = "<group>";
		};
		B54B66091950CBF400FF48DC /* Supporting Files */ = {
			isa = PBXGroup;
			children = (
				B54B660A1950CBF400FF48DC /* Info.plist */,
			);
			name = "Supporting Files";
			sourceTree = "<group>";
		};
		B54B661B1950CBF400FF48DC /* TerrorTorchTests */ = {
			isa = PBXGroup;
			children = (
				B54B661E1950CBF400FF48DC /* TerrorTorchTests.swift */,
				B54B661C1950CBF400FF48DC /* Supporting Files */,
			);
			path = TerrorTorchTests;
			sourceTree = "<group>";
		};
		B54B661C1950CBF400FF48DC /* Supporting Files */ = {
			isa = PBXGroup;
			children = (
				B54B661D1950CBF400FF48DC /* Info.plist */,
			);
			name = "Supporting Files";
			sourceTree = "<group>";
		};
/* End PBXGroup section */

/* Begin PBXNativeTarget section */
		B54B66051950CBF400FF48DC /* TerrorTorch */ = {
			isa = PBXNativeTarget;
			buildConfigurationList = B54B66221950CBF400FF48DC /* Build configuration list for PBXNativeTarget "TerrorTorch" */;
			buildPhases = (
				B54B66021950CBF400FF48DC /* Sources */,
				B54B66031950CBF400FF48DC /* Frameworks */,
				B54B66041950CBF400FF48DC /* Resources */,
			);
			buildRules = (
			);
			dependencies = (
			);
			name = TerrorTorch;
			productName = TerrorTorch;
			productReference = B54B66061950CBF400FF48DC /* TerrorTorch.app */;
			productType = "com.apple.product-type.application";
		};
		B54B66171950CBF400FF48DC /* TerrorTorchTests */ = {
			isa = PBXNativeTarget;
			buildConfigurationList = B54B66251950CBF400FF48DC /* Build configuration list for PBXNativeTarget "TerrorTorchTests" */;
			buildPhases = (
				B54B66141950CBF400FF48DC /* Sources */,
				B54B66151950CBF400FF48DC /* Frameworks */,
				B54B66161950CBF400FF48DC /* Resources */,
			);
			buildRules = (
			);
			dependencies = (
				B54B661A1950CBF400FF48DC /* PBXTargetDependency */,
			);
			name = TerrorTorchTests;
			productName = TerrorTorchTests;
			productReference = B54B66181950CBF400FF48DC /* TerrorTorchTests.xctest */;
			productType = "com.apple.product-type.bundle.unit-test";
		};
/* End PBXNativeTarget section */

/* Begin PBXProject section */
		B54B65FE1950CBF400FF48DC /* Project object */ = {
			isa = PBXProject;
			attributes = {
				LastUpgradeCheck = 0600;
				ORGANIZATIONNAME = reBaked;
				TargetAttributes = {
					B54B66051950CBF400FF48DC = {
						CreatedOnToolsVersion = 6.0;
						DevelopmentTeam = N298UBNUF6;
					};
					B54B66171950CBF400FF48DC = {
						CreatedOnToolsVersion = 6.0;
						TestTargetID = B54B66051950CBF400FF48DC;
					};
				};
			};
			buildConfigurationList = B54B66011950CBF400FF48DC /* Build configuration list for PBXProject "TerrorTorch" */;
			compatibilityVersion = "Xcode 3.2";
			developmentRegion = English;
			hasScannedForEncodings = 0;
			knownRegions = (
				en,
				Base,
			);
			mainGroup = B54B65FD1950CBF400FF48DC;
			productRefGroup = B54B66071950CBF400FF48DC /* Products */;
			projectDirPath = "";
			projectRoot = "";
			targets = (
				B54B66051950CBF400FF48DC /* TerrorTorch */,
				B54B66171950CBF400FF48DC /* TerrorTorchTests */,
			);
		};
/* End PBXProject section */

/* Begin PBXResourcesBuildPhase section */
		B54B66041950CBF400FF48DC /* Resources */ = {
			isa = PBXResourcesBuildPhase;
			buildActionMask = 2147483647;
			files = (
				2948995F1975BD6F007D0D97 /* young-girl-scream.wav in Resources */,
				2948995E1975BD6F007D0D97 /* knife-stab-splatter.wav in Resources */,
				2948995D1975BD6F007D0D97 /* its-behind-you-spoken.wav in Resources */,
				2948995B1975BD6F007D0D97 /* devil-laugh.wav in Resources */,
				294899591975BD6F007D0D97 /* dollhead.png in Resources */,
				294899581975BD6F007D0D97 /* credits.html in Resources */,
				2948995A1975BD6F007D0D97 /* mono-power-button-hi.png in Resources */,
				2948995C1975BD6F007D0D97 /* ghost-egyptian-phantom.wav in Resources */,
				B54B66111950CBF400FF48DC /* Main.storyboard in Resources */,
				B54B66131950CBF400FF48DC /* Images.xcassets in Resources */,
			);
			runOnlyForDeploymentPostprocessing = 0;
		};
		B54B66161950CBF400FF48DC /* Resources */ = {
			isa = PBXResourcesBuildPhase;
			buildActionMask = 2147483647;
			files = (
			);
			runOnlyForDeploymentPostprocessing = 0;
		};
/* End PBXResourcesBuildPhase section */

/* Begin PBXSourcesBuildPhase section */
		B54B66021950CBF400FF48DC /* Sources */ = {
			isa = PBXSourcesBuildPhase;
			buildActionMask = 2147483647;
			files = (
				2948994B1975BD58007D0D97 /* SoundBoxViewController.swift in Sources */,
				2948994C1975BD58007D0D97 /* TMViewController.swift in Sources */,
				294899461975BD58007D0D97 /* CVDetectorViewController.mm in Sources */,
				2948994A1975BD58007D0D97 /* ShopViewController.swift in Sources */,
				2948996A1975BE95007D0D97 /* UICircularGestureRecognizer.swift in Sources */,
				294899481975BD58007D0D97 /* MainScreenController.swift in Sources */,
				294899491975BD58007D0D97 /* SettingsViewController.swift in Sources */,
				2948993D1975BD2A007D0D97 /* UIColorExtension.swift in Sources */,
				294899651975BD98007D0D97 /* VideoCaptureManager.swift in Sources */,
				294899471975BD58007D0D97 /* GKWebViewController.swift in Sources */,
				2948993C1975BD2A007D0D97 /* Dollar.swift in Sources */,
				B54B660C1950CBF400FF48DC /* AppDelegate.swift in Sources */,
				47D20FF819654AF200BCB1D0 /* SoundBoxScene.swift in Sources */,
			);
			runOnlyForDeploymentPostprocessing = 0;
		};
		B54B66141950CBF400FF48DC /* Sources */ = {
			isa = PBXSourcesBuildPhase;
			buildActionMask = 2147483647;
			files = (
				B54B661F1950CBF400FF48DC /* TerrorTorchTests.swift in Sources */,
			);
			runOnlyForDeploymentPostprocessing = 0;
		};
/* End PBXSourcesBuildPhase section */

/* Begin PBXTargetDependency section */
		B54B661A1950CBF400FF48DC /* PBXTargetDependency */ = {
			isa = PBXTargetDependency;
			target = B54B66051950CBF400FF48DC /* TerrorTorch */;
			targetProxy = B54B66191950CBF400FF48DC /* PBXContainerItemProxy */;
		};
/* End PBXTargetDependency section */

/* Begin PBXVariantGroup section */
		B54B660F1950CBF400FF48DC /* Main.storyboard */ = {
			isa = PBXVariantGroup;
			children = (
				B54B66101950CBF400FF48DC /* Base */,
			);
			name = Main.storyboard;
			sourceTree = "<group>";
		};
/* End PBXVariantGroup section */

/* Begin XCBuildConfiguration section */
		B54B66201950CBF400FF48DC /* Debug */ = {
			isa = XCBuildConfiguration;
			buildSettings = {
				ALWAYS_SEARCH_USER_PATHS = NO;
				CLANG_CXX_LANGUAGE_STANDARD = "gnu++0x";
				CLANG_CXX_LIBRARY = "libc++";
				CLANG_ENABLE_MODULES = YES;
				CLANG_ENABLE_OBJC_ARC = YES;
				CLANG_WARN_BOOL_CONVERSION = YES;
				CLANG_WARN_CONSTANT_CONVERSION = YES;
				CLANG_WARN_DIRECT_OBJC_ISA_USAGE = YES_ERROR;
				CLANG_WARN_EMPTY_BODY = YES;
				CLANG_WARN_ENUM_CONVERSION = YES;
				CLANG_WARN_INT_CONVERSION = YES;
				CLANG_WARN_OBJC_ROOT_CLASS = YES_ERROR;
				CLANG_WARN_UNREACHABLE_CODE = YES;
				CLANG_WARN__DUPLICATE_METHOD_MATCH = YES;
				"CODE_SIGN_IDENTITY[sdk=iphoneos*]" = "iPhone Developer";
				COPY_PHASE_STRIP = NO;
				ENABLE_STRICT_OBJC_MSGSEND = YES;
				GCC_C_LANGUAGE_STANDARD = gnu99;
				GCC_DYNAMIC_NO_PIC = NO;
				GCC_OPTIMIZATION_LEVEL = 0;
				GCC_PREPROCESSOR_DEFINITIONS = (
					"DEBUG=1",
					"$(inherited)",
				);
				GCC_SYMBOLS_PRIVATE_EXTERN = NO;
				GCC_WARN_64_TO_32_BIT_CONVERSION = YES;
				GCC_WARN_ABOUT_RETURN_TYPE = YES_ERROR;
				GCC_WARN_UNDECLARED_SELECTOR = YES;
				GCC_WARN_UNINITIALIZED_AUTOS = YES_AGGRESSIVE;
				GCC_WARN_UNUSED_FUNCTION = YES;
				GCC_WARN_UNUSED_VARIABLE = YES;
				IPHONEOS_DEPLOYMENT_TARGET = 8.0;
				METAL_ENABLE_DEBUG_INFO = YES;
				ONLY_ACTIVE_ARCH = YES;
				SDKROOT = iphoneos;
				SWIFT_OPTIMIZATION_LEVEL = "-Onone";
				TARGETED_DEVICE_FAMILY = "1,2";
			};
			name = Debug;
		};
		B54B66211950CBF400FF48DC /* Release */ = {
			isa = XCBuildConfiguration;
			buildSettings = {
				ALWAYS_SEARCH_USER_PATHS = NO;
				CLANG_CXX_LANGUAGE_STANDARD = "gnu++0x";
				CLANG_CXX_LIBRARY = "libc++";
				CLANG_ENABLE_MODULES = YES;
				CLANG_ENABLE_OBJC_ARC = YES;
				CLANG_WARN_BOOL_CONVERSION = YES;
				CLANG_WARN_CONSTANT_CONVERSION = YES;
				CLANG_WARN_DIRECT_OBJC_ISA_USAGE = YES_ERROR;
				CLANG_WARN_EMPTY_BODY = YES;
				CLANG_WARN_ENUM_CONVERSION = YES;
				CLANG_WARN_INT_CONVERSION = YES;
				CLANG_WARN_OBJC_ROOT_CLASS = YES_ERROR;
				CLANG_WARN_UNREACHABLE_CODE = YES;
				CLANG_WARN__DUPLICATE_METHOD_MATCH = YES;
				"CODE_SIGN_IDENTITY[sdk=iphoneos*]" = "iPhone Developer";
				COPY_PHASE_STRIP = YES;
				ENABLE_NS_ASSERTIONS = NO;
				ENABLE_STRICT_OBJC_MSGSEND = YES;
				GCC_C_LANGUAGE_STANDARD = gnu99;
				GCC_WARN_64_TO_32_BIT_CONVERSION = YES;
				GCC_WARN_ABOUT_RETURN_TYPE = YES_ERROR;
				GCC_WARN_UNDECLARED_SELECTOR = YES;
				GCC_WARN_UNINITIALIZED_AUTOS = YES_AGGRESSIVE;
				GCC_WARN_UNUSED_FUNCTION = YES;
				GCC_WARN_UNUSED_VARIABLE = YES;
				IPHONEOS_DEPLOYMENT_TARGET = 8.0;
				METAL_ENABLE_DEBUG_INFO = NO;
				SDKROOT = iphoneos;
				TARGETED_DEVICE_FAMILY = "1,2";
				VALIDATE_PRODUCT = YES;
			};
			name = Release;
		};
		B54B66231950CBF400FF48DC /* Debug */ = {
			isa = XCBuildConfiguration;
			buildSettings = {
				ASSETCATALOG_COMPILER_APPICON_NAME = AppIcon;
				ASSETCATALOG_COMPILER_LAUNCHIMAGE_NAME = LaunchImage;
				CLANG_ENABLE_MODULES = YES;
				FRAMEWORK_SEARCH_PATHS = (
					"$(inherited)",
					"$(PROJECT_DIR)/TerrorTorch",
				);
				GCC_PREFIX_HEADER = "";
				INFOPLIST_FILE = TerrorTorch/Info.plist;
				IPHONEOS_DEPLOYMENT_TARGET = 7.1;
				LD_RUNPATH_SEARCH_PATHS = "$(inherited) @executable_path/Frameworks";
				PRODUCT_NAME = "$(TARGET_NAME)";
				SWIFT_OBJC_BRIDGING_HEADER = "TerrorTorch/ViewControllers/TerrorTorch-Bridging-Header.h";
				SWIFT_OPTIMIZATION_LEVEL = "-Onone";
			};
			name = Debug;
		};
		B54B66241950CBF400FF48DC /* Release */ = {
			isa = XCBuildConfiguration;
			buildSettings = {
				ASSETCATALOG_COMPILER_APPICON_NAME = AppIcon;
				ASSETCATALOG_COMPILER_LAUNCHIMAGE_NAME = LaunchImage;
				CLANG_ENABLE_MODULES = YES;
				FRAMEWORK_SEARCH_PATHS = (
					"$(inherited)",
					"$(PROJECT_DIR)/TerrorTorch",
				);
				GCC_PREFIX_HEADER = "";
				INFOPLIST_FILE = TerrorTorch/Info.plist;
				IPHONEOS_DEPLOYMENT_TARGET = 7.1;
				LD_RUNPATH_SEARCH_PATHS = "$(inherited) @executable_path/Frameworks";
				PRODUCT_NAME = "$(TARGET_NAME)";
				SWIFT_OBJC_BRIDGING_HEADER = "TerrorTorch/ViewControllers/TerrorTorch-Bridging-Header.h";
			};
			name = Release;
		};
		B54B66261950CBF400FF48DC /* Debug */ = {
			isa = XCBuildConfiguration;
			buildSettings = {
				BUNDLE_LOADER = "$(BUILT_PRODUCTS_DIR)/TerrorTorch.app/TerrorTorch";
				FRAMEWORK_SEARCH_PATHS = (
					"$(SDKROOT)/Developer/Library/Frameworks",
					"$(inherited)",
				);
				GCC_PREPROCESSOR_DEFINITIONS = (
					"DEBUG=1",
					"$(inherited)",
				);
				INFOPLIST_FILE = TerrorTorchTests/Info.plist;
				LD_RUNPATH_SEARCH_PATHS = "$(inherited) @executable_path/Frameworks @loader_path/Frameworks";
				METAL_ENABLE_DEBUG_INFO = YES;
				PRODUCT_NAME = "$(TARGET_NAME)";
				TEST_HOST = "$(BUNDLE_LOADER)";
			};
			name = Debug;
		};
		B54B66271950CBF400FF48DC /* Release */ = {
			isa = XCBuildConfiguration;
			buildSettings = {
				BUNDLE_LOADER = "$(BUILT_PRODUCTS_DIR)/TerrorTorch.app/TerrorTorch";
				FRAMEWORK_SEARCH_PATHS = (
					"$(SDKROOT)/Developer/Library/Frameworks",
					"$(inherited)",
				);
				INFOPLIST_FILE = TerrorTorchTests/Info.plist;
				LD_RUNPATH_SEARCH_PATHS = "$(inherited) @executable_path/Frameworks @loader_path/Frameworks";
				METAL_ENABLE_DEBUG_INFO = NO;
				PRODUCT_NAME = "$(TARGET_NAME)";
				TEST_HOST = "$(BUNDLE_LOADER)";
			};
			name = Release;
		};
/* End XCBuildConfiguration section */

/* Begin XCConfigurationList section */
		B54B66011950CBF400FF48DC /* Build configuration list for PBXProject "TerrorTorch" */ = {
			isa = XCConfigurationList;
			buildConfigurations = (
				B54B66201950CBF400FF48DC /* Debug */,
				B54B66211950CBF400FF48DC /* Release */,
			);
			defaultConfigurationIsVisible = 0;
			defaultConfigurationName = Release;
		};
		B54B66221950CBF400FF48DC /* Build configuration list for PBXNativeTarget "TerrorTorch" */ = {
			isa = XCConfigurationList;
			buildConfigurations = (
				B54B66231950CBF400FF48DC /* Debug */,
				B54B66241950CBF400FF48DC /* Release */,
			);
			defaultConfigurationIsVisible = 0;
			defaultConfigurationName = Release;
		};
		B54B66251950CBF400FF48DC /* Build configuration list for PBXNativeTarget "TerrorTorchTests" */ = {
			isa = XCConfigurationList;
			buildConfigurations = (
				B54B66261950CBF400FF48DC /* Debug */,
				B54B66271950CBF400FF48DC /* Release */,
			);
			defaultConfigurationIsVisible = 0;
			defaultConfigurationName = Release;
		};
/* End XCConfigurationList section */
	};
	rootObject = B54B65FE1950CBF400FF48DC /* Project object */;
}
